
Microsoft Visual Studio Solution File, Format Version 12.00
# Visual Studio Version 16
VisualStudioVersion = 16.0.31702.278
MinimumVisualStudioVersion = 10.0.40219.1
Project("{FAE04EC0-301F-11D3-BF4B-00C04F79EFBC}") = "Business_Employee", "..\Business_Employee\Business_Employee.csproj", "{24382B2F-93EF-486B-88EC-405DAA4D41D4}"
EndProject
Project("{FAE04EC0-301F-11D3-BF4B-00C04F79EFBC}") = "Models_Employee", "..\Models_Employee\Models_Employee.csproj", "{D7CE861F-D397-4FF1-AD0A-11E503EDAC4C}"
EndProject
Project("{FAE04EC0-301F-11D3-BF4B-00C04F79EFBC}") = "Repository_Employee", "..\Repository_Employee\Repository_Employee.csproj", "{67C692AD-A5BD-4F67-AF8F-0A8EA7639292}"
EndProject
Project("{FAE04EC0-301F-11D3-BF4B-00C04F79EFBC}") = "Employee_Management", "Employee_Management.csproj", "{927072CF-9C16-4CAF-8599-A9F67DE37A8C}"
EndProject
Global
	GlobalSection(SolutionConfigurationPlatforms) = preSolution
		Debug|Any CPU = Debug|Any CPU
		Release|Any CPU = Release|Any CPU
	EndGlobalSection
	GlobalSection(ProjectConfigurationPlatforms) = postSolution
		{24382B2F-93EF-486B-88EC-405DAA4D41D4}.Debug|Any CPU.ActiveCfg = Debug|Any CPU
		{24382B2F-93EF-486B-88EC-405DAA4D41D4}.Debug|Any CPU.Build.0 = Debug|Any CPU
		{24382B2F-93EF-486B-88EC-405DAA4D41D4}.Release|Any CPU.ActiveCfg = Release|Any CPU
		{24382B2F-93EF-486B-88EC-405DAA4D41D4}.Release|Any CPU.Build.0 = Release|Any CPU
		{D7CE861F-D397-4FF1-AD0A-11E503EDAC4C}.Debug|Any CPU.ActiveCfg = Debug|Any CPU
		{D7CE861F-D397-4FF1-AD0A-11E503EDAC4C}.Debug|Any CPU.Build.0 = Debug|Any CPU
		{D7CE861F-D397-4FF1-AD0A-11E503EDAC4C}.Release|Any CPU.ActiveCfg = Release|Any CPU
		{D7CE861F-D397-4FF1-AD0A-11E503EDAC4C}.Release|Any CPU.Build.0 = Release|Any CPU
		{67C692AD-A5BD-4F67-AF8F-0A8EA7639292}.Debug|Any CPU.ActiveCfg = Debug|Any CPU
		{67C692AD-A5BD-4F67-AF8F-0A8EA7639292}.Debug|Any CPU.Build.0 = Debug|Any CPU
		{67C692AD-A5BD-4F67-AF8F-0A8EA7639292}.Release|Any CPU.ActiveCfg = Release|Any CPU
		{67C692AD-A5BD-4F67-AF8F-0A8EA7639292}.Release|Any CPU.Build.0 = Release|Any CPU
		{927072CF-9C16-4CAF-8599-A9F67DE37A8C}.Debug|Any CPU.ActiveCfg = Debug|Any CPU
		{927072CF-9C16-4CAF-8599-A9F67DE37A8C}.Debug|Any CPU.Build.0 = Debug|Any CPU
		{927072CF-9C16-4CAF-8599-A9F67DE37A8C}.Release|Any CPU.ActiveCfg = Release|Any CPU
		{927072CF-9C16-4CAF-8599-A9F67DE37A8C}.Release|Any CPU.Build.0 = Release|Any CPU
	EndGlobalSection
	GlobalSection(SolutionProperties) = preSolution
		HideSolutionNode = FALSE
	EndGlobalSection
	GlobalSection(ExtensibilityGlobals) = postSolution
		SolutionGuid = {D74D9B4C-ADBC-4AD6-89A7-09A400B4DE0C}
	EndGlobalSection
EndGlobal
